{
  "name": "test-css-var",
  "version": "1.0.0",
  "lockfileVersion": 2,
  "requires": true,
  "packages": {
    "": {
      "name": "test-css-var",
      "version": "1.0.0",
      "license": "ISC",
      "dependencies": {
        "open-props": "^1.4.5"
      }
    },
    "node_modules/open-props": {
      "version": "1.4.5",
      "resolved": "https://registry.npmjs.org/open-props/-/open-props-1.4.5.tgz",
      "integrity": "sha512-NxNk5gVI97CAYUJjR5wOBhwyLFD8bNsyiPO81j6ctbVKi0+NHhSjcLfd4h++dFnEwFfA5Q0AVZTQWX5cQnz64A=="
    }
  },
  "dependencies": {
    "open-props": {
      "version": "1.4.5",
      "resolved": "https://registry.npmjs.org/open-props/-/open-props-1.4.5.tgz",
      "integrity": "sha512-NxNk5gVI97CAYUJjR5wOBhwyLFD8bNsyiPO81j6ctbVKi0+NHhSjcLfd4h++dFnEwFfA5Q0AVZTQWX5cQnz64A=="
    }
  }
}
